
Microsoft Visual Studio Solution File, Format Version 12.00
# Visual Studio Version 16
VisualStudioVersion = 16.0.30804.86
MinimumVisualStudioVersion = 10.0.40219.1
Project("{FAE04EC0-301F-11D3-BF4B-00C04F79EFBC}") = "Events", "Events\Events.csproj", "{66A3256C-E477-496A-899D-58278886B9FC}"
EndProject
Project("{FAE04EC0-301F-11D3-BF4B-00C04F79EFBC}") = "Events_v2", "Events_v2\Events_v2.csproj", "{07A78C1E-8A46-4801-9F76-B228FAD09E79}"
EndProject
Global
	GlobalSection(SolutionConfigurationPlatforms) = preSolution
		Debug|Any CPU = Debug|Any CPU
		Release|Any CPU = Release|Any CPU
	EndGlobalSection
	GlobalSection(ProjectConfigurationPlatforms) = postSolution
		{66A3256C-E477-496A-899D-58278886B9FC}.Debug|Any CPU.ActiveCfg = Debug|Any CPU
		{66A3256C-E477-496A-899D-58278886B9FC}.Debug|Any CPU.Build.0 = Debug|Any CPU
		{66A3256C-E477-496A-899D-58278886B9FC}.Release|Any CPU.ActiveCfg = Release|Any CPU
		{66A3256C-E477-496A-899D-58278886B9FC}.Release|Any CPU.Build.0 = Release|Any CPU
		{07A78C1E-8A46-4801-9F76-B228FAD09E79}.Debug|Any CPU.ActiveCfg = Debug|Any CPU
		{07A78C1E-8A46-4801-9F76-B228FAD09E79}.Debug|Any CPU.Build.0 = Debug|Any CPU
		{07A78C1E-8A46-4801-9F76-B228FAD09E79}.Release|Any CPU.ActiveCfg = Release|Any CPU
		{07A78C1E-8A46-4801-9F76-B228FAD09E79}.Release|Any CPU.Build.0 = Release|Any CPU
	EndGlobalSection
	GlobalSection(SolutionProperties) = preSolution
		HideSolutionNode = FALSE
	EndGlobalSection
	GlobalSection(ExtensibilityGlobals) = postSolution
		SolutionGuid = {C9394F1F-016B-4B2E-A5EB-96931B97DAB5}
	EndGlobalSection
EndGlobal
